
Microsoft Visual Studio Solution File, Format Version 12.00
# Visual Studio Version 16
VisualStudioVersion = 16.0.29728.190
MinimumVisualStudioVersion = 10.0.40219.1
Project("{2150E333-8FDC-42A3-9474-1A3956D46DE8}") = "Business", "Business", "{7CFE2B14-67CA-4E72-96BE-D75378AAF83A}"
EndProject
Project("{2150E333-8FDC-42A3-9474-1A3956D46DE8}") = "DistributedServices", "DistributedServices", "{EEC5D8B1-E482-474C-8813-D266B7B6745A}"
EndProject
Project("{2150E333-8FDC-42A3-9474-1A3956D46DE8}") = "CrossCutting", "CrossCutting", "{9DDF71AF-C293-4867-81D7-72F9E73EEF0D}"
EndProject
Project("{2150E333-8FDC-42A3-9474-1A3956D46DE8}") = "DataAccess", "DataAccess", "{4265DA31-2BCD-4390-A0C7-1EA15B90527A}"
EndProject
Project("{2150E333-8FDC-42A3-9474-1A3956D46DE8}") = "PetHouseMVC", "PetHouseMVC", "{96718C86-BF18-422F-A3EA-A29F93A8E023}"
EndProject
Project("{FAE04EC0-301F-11D3-BF4B-00C04F79EFBC}") = "PetHouse.DAL", "PetHouse.DAL\PetHouse.DAL.csproj", "{CD1C1B52-88C5-4934-8A9F-ECE2C16D5C34}"
EndProject
Project("{FAE04EC0-301F-11D3-BF4B-00C04F79EFBC}") = "PetHouse.BLL", "PetHouse.BLL\PetHouse.BLL.csproj", "{276F6680-163E-4A76-9BEE-4F2FC157606C}"
EndProject
Project("{FAE04EC0-301F-11D3-BF4B-00C04F79EFBC}") = "PetHouse.API", "PetHouse.API\PetHouse.API.csproj", "{6F0EB5DC-CF65-4E08-8F20-E51A7ECCFB10}"
EndProject
Project("{FAE04EC0-301F-11D3-BF4B-00C04F79EFBC}") = "PetHouse.API.Tests", "DistributedServices\PetHouse.API.Tests\PetHouse.API.Tests.csproj", "{10320AF0-F010-4AD2-A860-4CBC0C37B595}"
EndProject
Project("{FAE04EC0-301F-11D3-BF4B-00C04F79EFBC}") = "PetHouse.MVC", "PetHouse.MVC\PetHouse.MVC.csproj", "{1220E34D-FA38-4ACD-AB22-242193D2165D}"
EndProject
Global
	GlobalSection(SolutionConfigurationPlatforms) = preSolution
		Debug|Any CPU = Debug|Any CPU
		Release|Any CPU = Release|Any CPU
	EndGlobalSection
	GlobalSection(ProjectConfigurationPlatforms) = postSolution
		{CD1C1B52-88C5-4934-8A9F-ECE2C16D5C34}.Debug|Any CPU.ActiveCfg = Debug|Any CPU
		{CD1C1B52-88C5-4934-8A9F-ECE2C16D5C34}.Debug|Any CPU.Build.0 = Debug|Any CPU
		{CD1C1B52-88C5-4934-8A9F-ECE2C16D5C34}.Release|Any CPU.ActiveCfg = Release|Any CPU
		{CD1C1B52-88C5-4934-8A9F-ECE2C16D5C34}.Release|Any CPU.Build.0 = Release|Any CPU
		{276F6680-163E-4A76-9BEE-4F2FC157606C}.Debug|Any CPU.ActiveCfg = Debug|Any CPU
		{276F6680-163E-4A76-9BEE-4F2FC157606C}.Debug|Any CPU.Build.0 = Debug|Any CPU
		{276F6680-163E-4A76-9BEE-4F2FC157606C}.Release|Any CPU.ActiveCfg = Release|Any CPU
		{276F6680-163E-4A76-9BEE-4F2FC157606C}.Release|Any CPU.Build.0 = Release|Any CPU
		{6F0EB5DC-CF65-4E08-8F20-E51A7ECCFB10}.Debug|Any CPU.ActiveCfg = Debug|Any CPU
		{6F0EB5DC-CF65-4E08-8F20-E51A7ECCFB10}.Debug|Any CPU.Build.0 = Debug|Any CPU
		{6F0EB5DC-CF65-4E08-8F20-E51A7ECCFB10}.Release|Any CPU.ActiveCfg = Release|Any CPU
		{6F0EB5DC-CF65-4E08-8F20-E51A7ECCFB10}.Release|Any CPU.Build.0 = Release|Any CPU
		{10320AF0-F010-4AD2-A860-4CBC0C37B595}.Debug|Any CPU.ActiveCfg = Debug|Any CPU
		{10320AF0-F010-4AD2-A860-4CBC0C37B595}.Debug|Any CPU.Build.0 = Debug|Any CPU
		{10320AF0-F010-4AD2-A860-4CBC0C37B595}.Release|Any CPU.ActiveCfg = Release|Any CPU
		{10320AF0-F010-4AD2-A860-4CBC0C37B595}.Release|Any CPU.Build.0 = Release|Any CPU
		{1220E34D-FA38-4ACD-AB22-242193D2165D}.Debug|Any CPU.ActiveCfg = Debug|Any CPU
		{1220E34D-FA38-4ACD-AB22-242193D2165D}.Debug|Any CPU.Build.0 = Debug|Any CPU
		{1220E34D-FA38-4ACD-AB22-242193D2165D}.Release|Any CPU.ActiveCfg = Release|Any CPU
		{1220E34D-FA38-4ACD-AB22-242193D2165D}.Release|Any CPU.Build.0 = Release|Any CPU
	EndGlobalSection
	GlobalSection(SolutionProperties) = preSolution
		HideSolutionNode = FALSE
	EndGlobalSection
	GlobalSection(NestedProjects) = preSolution
		{CD1C1B52-88C5-4934-8A9F-ECE2C16D5C34} = {4265DA31-2BCD-4390-A0C7-1EA15B90527A}
		{276F6680-163E-4A76-9BEE-4F2FC157606C} = {7CFE2B14-67CA-4E72-96BE-D75378AAF83A}
		{6F0EB5DC-CF65-4E08-8F20-E51A7ECCFB10} = {EEC5D8B1-E482-474C-8813-D266B7B6745A}
		{10320AF0-F010-4AD2-A860-4CBC0C37B595} = {EEC5D8B1-E482-474C-8813-D266B7B6745A}
		{1220E34D-FA38-4ACD-AB22-242193D2165D} = {96718C86-BF18-422F-A3EA-A29F93A8E023}
	EndGlobalSection
	GlobalSection(ExtensibilityGlobals) = postSolution
		SolutionGuid = {D639FB27-20B9-4A8C-8FE9-9617581AECB6}
	EndGlobalSection
EndGlobal
